{
  "name": "loong_wechat",
  "version": "1.0.0",
  "lockfileVersion": 3,
  "requires": true,
  "packages": {
    "": {
      "name": "loong_wechat",
      "version": "1.0.0",
      "license": "ISC",
      "dependencies": {
        "@qiun/wx-ucharts": "^2.5.0-20230101",
        "@vant/weapp": "^1.10.16"
      }
    },
    "node_modules/@qiun/wx-ucharts": {
      "version": "2.5.0-20230101",
      "resolved": "https://registry.npmmirror.com/@qiun/wx-ucharts/-/wx-ucharts-2.5.0-20230101.tgz",
      "integrity": "sha512-sAaNUf4U6r4/0JZMTlfNwrtfT0v8qFO02B/wYsj4yZGTDAQ/QctGgKI7hVUDUSrqZnjH6xWqE+ql0FOIs1fTuQ=="
    },
    "node_modules/@vant/weapp": {
      "version": "1.10.16",
      "resolved": "https://registry.npmmirror.com/@vant/weapp/-/weapp-1.10.16.tgz",
      "integrity": "sha512-6ewSFv0w4ckKyuimn/tSdSVdDg5IgontD6/g19w+kshm2x39aajWqxSs3HjW2+Cde+NG2ri949R+00+NFcVHPw=="
    }
  }
}
